{
  "name": "TIL",
  "lockfileVersion": 3,
  "requires": true,
  "packages": {
    "": {
      "dependencies": {
        "mkdocs": "^0.0.1",
        "python": "^0.0.4"
      }
    },
    "node_modules/mkdocs": {
      "version": "0.0.1",
      "resolved": "https://registry.npmjs.org/mkdocs/-/mkdocs-0.0.1.tgz",
      "integrity": "sha512-7AtZyiwELtQQcP2Cdw0H8Q413alLa4Jl0AnDIreqP8+5GJvLFLMoh4gFQ21i6ASdKNlKGPjTHqiVDBg/lQ0dQg=="
    },
    "node_modules/python": {
      "version": "0.0.4",
      "resolved": "https://registry.npmjs.org/python/-/python-0.0.4.tgz",
      "integrity": "sha512-7avKA/6XxrwcGSDes8xGn7FHAUdAUQXKHtpjDulyv5/nm7TcPblmPRvXjjwx5knWHqeRiipqH/TZR2HhmJ4CGQ==",
      "engines": {
        "node": ">= 0.4.1"
      }
    }
  }
}
